
Microsoft Visual Studio Solution File, Format Version 12.00
# Visual Studio Version 16
VisualStudioVersion = 16.0.30907.101
MinimumVisualStudioVersion = 10.0.40219.1
Project("{9A19103F-16F7-4668-BE54-9A1E7A4F7556}") = "CodeDraw", "CodeDraw\CodeDraw.csproj", "{1A70EFBB-AA6C-4721-B4FC-9EB2BAF697AF}"
EndProject
Project("{FAE04EC0-301F-11D3-BF4B-00C04F79EFBC}") = "CodeDrawTest", "CodeDrawTest\CodeDrawTest.csproj", "{E1561C67-CD5A-4E61-99DD-2D5BA7089318}"
EndProject
Global
	GlobalSection(SolutionConfigurationPlatforms) = preSolution
		Debug|Any CPU = Debug|Any CPU
		Release|Any CPU = Release|Any CPU
	EndGlobalSection
	GlobalSection(ProjectConfigurationPlatforms) = postSolution
		{1A70EFBB-AA6C-4721-B4FC-9EB2BAF697AF}.Debug|Any CPU.ActiveCfg = Debug|Any CPU
		{1A70EFBB-AA6C-4721-B4FC-9EB2BAF697AF}.Debug|Any CPU.Build.0 = Debug|Any CPU
		{1A70EFBB-AA6C-4721-B4FC-9EB2BAF697AF}.Release|Any CPU.ActiveCfg = Release|Any CPU
		{1A70EFBB-AA6C-4721-B4FC-9EB2BAF697AF}.Release|Any CPU.Build.0 = Release|Any CPU
		{E1561C67-CD5A-4E61-99DD-2D5BA7089318}.Debug|Any CPU.ActiveCfg = Debug|Any CPU
		{E1561C67-CD5A-4E61-99DD-2D5BA7089318}.Debug|Any CPU.Build.0 = Debug|Any CPU
		{E1561C67-CD5A-4E61-99DD-2D5BA7089318}.Release|Any CPU.ActiveCfg = Release|Any CPU
		{E1561C67-CD5A-4E61-99DD-2D5BA7089318}.Release|Any CPU.Build.0 = Release|Any CPU
	EndGlobalSection
	GlobalSection(SolutionProperties) = preSolution
		HideSolutionNode = FALSE
	EndGlobalSection
	GlobalSection(ExtensibilityGlobals) = postSolution
		SolutionGuid = {1918155B-D2CF-465B-9BF9-D4FF0458ABF1}
	EndGlobalSection
EndGlobal
